
Microsoft Visual Studio Solution File, Format Version 12.00
# Visual Studio Version 17
VisualStudioVersion = 17.10.35122.118
MinimumVisualStudioVersion = 10.0.40219.1
Project("{2150E333-8FDC-42A3-9474-1A3956D46DE8}") = "Doc", "Doc", "{65BE1912-9F1B-4710-9041-ECFCBCA2AC78}"
EndProject
Project("{2150E333-8FDC-42A3-9474-1A3956D46DE8}") = "Src", "Src", "{0630E3D4-0845-4BFF-ADE4-CB31D10592F1}"
EndProject
Project("{2150E333-8FDC-42A3-9474-1A3956D46DE8}") = "Tests", "Tests", "{03661607-506C-4F04-A71D-0ACA83D70FD9}"
EndProject
Project("{2150E333-8FDC-42A3-9474-1A3956D46DE8}") = "Core", "Core", "{BCEB740D-6AD2-4257-B57C-662793B64FC5}"
EndProject
Project("{2150E333-8FDC-42A3-9474-1A3956D46DE8}") = "Infrastructures", "Infrastructures", "{615F04BB-91C9-420D-BFEA-FDC58E3E8D9E}"
EndProject
Project("{2150E333-8FDC-42A3-9474-1A3956D46DE8}") = "Presentation", "Presentation", "{4CFAAFC1-3A2F-48B0-B2EE-818D1E82A947}"
EndProject
Project("{9A19103F-16F7-4668-BE54-9A1E7A4F7556}") = "Application", "Application\Application.csproj", "{1FC6A4B5-1CBF-40C2-A195-6D33640332E6}"
EndProject
Project("{9A19103F-16F7-4668-BE54-9A1E7A4F7556}") = "Domain", "Domain\Domain.csproj", "{AA8472D9-7CFD-4305-84A2-7865FDFF4EA6}"
EndProject
Project("{9A19103F-16F7-4668-BE54-9A1E7A4F7556}") = "Infrastructure", "Infrastructure\Infrastructure.csproj", "{65B932CF-8EE3-4879-95F5-C7BDC2C2AA31}"
EndProject
Project("{9A19103F-16F7-4668-BE54-9A1E7A4F7556}") = "Persistence", "Persistence\Persistence.csproj", "{7D748359-A878-4DCD-B2AA-8B76B26D0B4D}"
EndProject
Project("{9A19103F-16F7-4668-BE54-9A1E7A4F7556}") = "EnergyControlSystemApi", "EnergyControlSystem\EnergyControlSystemApi.csproj", "{1A0F993C-B13C-41AF-B343-75D5EED69B5D}"
EndProject
Global
	GlobalSection(SolutionConfigurationPlatforms) = preSolution
		Debug|Any CPU = Debug|Any CPU
		Release|Any CPU = Release|Any CPU
	EndGlobalSection
	GlobalSection(ProjectConfigurationPlatforms) = postSolution
		{1FC6A4B5-1CBF-40C2-A195-6D33640332E6}.Debug|Any CPU.ActiveCfg = Debug|Any CPU
		{1FC6A4B5-1CBF-40C2-A195-6D33640332E6}.Debug|Any CPU.Build.0 = Debug|Any CPU
		{1FC6A4B5-1CBF-40C2-A195-6D33640332E6}.Release|Any CPU.ActiveCfg = Release|Any CPU
		{1FC6A4B5-1CBF-40C2-A195-6D33640332E6}.Release|Any CPU.Build.0 = Release|Any CPU
		{AA8472D9-7CFD-4305-84A2-7865FDFF4EA6}.Debug|Any CPU.ActiveCfg = Debug|Any CPU
		{AA8472D9-7CFD-4305-84A2-7865FDFF4EA6}.Debug|Any CPU.Build.0 = Debug|Any CPU
		{AA8472D9-7CFD-4305-84A2-7865FDFF4EA6}.Release|Any CPU.ActiveCfg = Release|Any CPU
		{AA8472D9-7CFD-4305-84A2-7865FDFF4EA6}.Release|Any CPU.Build.0 = Release|Any CPU
		{65B932CF-8EE3-4879-95F5-C7BDC2C2AA31}.Debug|Any CPU.ActiveCfg = Debug|Any CPU
		{65B932CF-8EE3-4879-95F5-C7BDC2C2AA31}.Debug|Any CPU.Build.0 = Debug|Any CPU
		{65B932CF-8EE3-4879-95F5-C7BDC2C2AA31}.Release|Any CPU.ActiveCfg = Release|Any CPU
		{65B932CF-8EE3-4879-95F5-C7BDC2C2AA31}.Release|Any CPU.Build.0 = Release|Any CPU
		{7D748359-A878-4DCD-B2AA-8B76B26D0B4D}.Debug|Any CPU.ActiveCfg = Debug|Any CPU
		{7D748359-A878-4DCD-B2AA-8B76B26D0B4D}.Debug|Any CPU.Build.0 = Debug|Any CPU
		{7D748359-A878-4DCD-B2AA-8B76B26D0B4D}.Release|Any CPU.ActiveCfg = Release|Any CPU
		{7D748359-A878-4DCD-B2AA-8B76B26D0B4D}.Release|Any CPU.Build.0 = Release|Any CPU
		{1A0F993C-B13C-41AF-B343-75D5EED69B5D}.Debug|Any CPU.ActiveCfg = Debug|Any CPU
		{1A0F993C-B13C-41AF-B343-75D5EED69B5D}.Debug|Any CPU.Build.0 = Debug|Any CPU
		{1A0F993C-B13C-41AF-B343-75D5EED69B5D}.Release|Any CPU.ActiveCfg = Release|Any CPU
		{1A0F993C-B13C-41AF-B343-75D5EED69B5D}.Release|Any CPU.Build.0 = Release|Any CPU
	EndGlobalSection
	GlobalSection(SolutionProperties) = preSolution
		HideSolutionNode = FALSE
	EndGlobalSection
	GlobalSection(NestedProjects) = preSolution
		{BCEB740D-6AD2-4257-B57C-662793B64FC5} = {0630E3D4-0845-4BFF-ADE4-CB31D10592F1}
		{615F04BB-91C9-420D-BFEA-FDC58E3E8D9E} = {0630E3D4-0845-4BFF-ADE4-CB31D10592F1}
		{4CFAAFC1-3A2F-48B0-B2EE-818D1E82A947} = {0630E3D4-0845-4BFF-ADE4-CB31D10592F1}
		{1FC6A4B5-1CBF-40C2-A195-6D33640332E6} = {BCEB740D-6AD2-4257-B57C-662793B64FC5}
		{AA8472D9-7CFD-4305-84A2-7865FDFF4EA6} = {BCEB740D-6AD2-4257-B57C-662793B64FC5}
		{65B932CF-8EE3-4879-95F5-C7BDC2C2AA31} = {615F04BB-91C9-420D-BFEA-FDC58E3E8D9E}
		{7D748359-A878-4DCD-B2AA-8B76B26D0B4D} = {615F04BB-91C9-420D-BFEA-FDC58E3E8D9E}
		{1A0F993C-B13C-41AF-B343-75D5EED69B5D} = {4CFAAFC1-3A2F-48B0-B2EE-818D1E82A947}
	EndGlobalSection
	GlobalSection(ExtensibilityGlobals) = postSolution
		SolutionGuid = {78F38C66-2252-4E67-8BBB-865F97562310}
	EndGlobalSection
EndGlobal
